// !$*UTF8*$!
{
	archiveVersion = 1;
	classes = {
	};
	objectVersion = 55;
	objects = {

/* Begin PBXBuildFile section */
		42F255942825967100A77106 /* AppDelegate.swift in Sources */ = {isa = PBXBuildFile; fileRef = 42F255932825967100A77106 /* AppDelegate.swift */; };
		42F255962825967100A77106 /* SceneDelegate.swift in Sources */ = {isa = PBXBuildFile; fileRef = 42F255952825967100A77106 /* SceneDelegate.swift */; };
		42F255982825967100A77106 /* ViewController.swift in Sources */ = {isa = PBXBuildFile; fileRef = 42F255972825967100A77106 /* ViewController.swift */; };
		42F2559B2825967100A77106 /* Main.storyboard in Resources */ = {isa = PBXBuildFile; fileRef = 42F255992825967100A77106 /* Main.storyboard */; };
		42F2559D2825967300A77106 /* Assets.xcassets in Resources */ = {isa = PBXBuildFile; fileRef = 42F2559C2825967300A77106 /* Assets.xcassets */; };
		42F255A02825967300A77106 /* LaunchScreen.storyboard in Resources */ = {isa = PBXBuildFile; fileRef = 42F2559E2825967300A77106 /* LaunchScreen.storyboard */; };
		42F255AB2825967400A77106 /* UISwitchAnimatorTests.swift in Sources */ = {isa = PBXBuildFile; fileRef = 42F255AA2825967400A77106 /* UISwitchAnimatorTests.swift */; };
		42F255B52825967400A77106 /* UISwitchAnimatorUITests.swift in Sources */ = {isa = PBXBuildFile; fileRef = 42F255B42825967400A77106 /* UISwitchAnimatorUITests.swift */; };
		42F255B72825967400A77106 /* UISwitchAnimatorUITestsLaunchTests.swift in Sources */ = {isa = PBXBuildFile; fileRef = 42F255B62825967400A77106 /* UISwitchAnimatorUITestsLaunchTests.swift */; };
		42F255C42826953F00A77106 /* data.json in Resources */ = {isa = PBXBuildFile; fileRef = 42F255C32826953F00A77106 /* data.json */; };
/* End PBXBuildFile section */

/* Begin PBXContainerItemProxy section */
		42F255A72825967400A77106 /* PBXContainerItemProxy */ = {
			isa = PBXContainerItemProxy;
			containerPortal = 42F255882825967100A77106 /* Project object */;
			proxyType = 1;
			remoteGlobalIDString = 42F2558F2825967100A77106;
			remoteInfo = UISwitchAnimator;
		};
		42F255B12825967400A77106 /* PBXContainerItemProxy */ = {
			isa = PBXContainerItemProxy;
			containerPortal = 42F255882825967100A77106 /* Project object */;
			proxyType = 1;
			remoteGlobalIDString = 42F2558F2825967100A77106;
			remoteInfo = UISwitchAnimator;
		};
/* End PBXContainerItemProxy section */

/* Begin PBXFileReference section */
		42F255902825967100A77106 /* UISwitchAnimator.app */ = {isa = PBXFileReference; explicitFileType = wrapper.application; includeInIndex = 0; path = UISwitchAnimator.app; sourceTree = BUILT_PRODUCTS_DIR; };
		42F255932825967100A77106 /* AppDelegate.swift */ = {isa = PBXFileReference; lastKnownFileType = sourcecode.swift; path = AppDelegate.swift; sourceTree = "<group>"; };
		42F255952825967100A77106 /* SceneDelegate.swift */ = {isa = PBXFileReference; lastKnownFileType = sourcecode.swift; path = SceneDelegate.swift; sourceTree = "<group>"; };
		42F255972825967100A77106 /* ViewController.swift */ = {isa = PBXFileReference; lastKnownFileType = sourcecode.swift; path = ViewController.swift; sourceTree = "<group>"; };
		42F2559A2825967100A77106 /* Base */ = {isa = PBXFileReference; lastKnownFileType = file.storyboard; name = Base; path = Base.lproj/Main.storyboard; sourceTree = "<group>"; };
		42F2559C2825967300A77106 /* Assets.xcassets */ = {isa = PBXFileReference; lastKnownFileType = folder.assetcatalog; path = Assets.xcassets; sourceTree = "<group>"; };
		42F2559F2825967300A77106 /* Base */ = {isa = PBXFileReference; lastKnownFileType = file.storyboard; name = Base; path = Base.lproj/LaunchScreen.storyboard; sourceTree = "<group>"; };
		42F255A12825967300A77106 /* Info.plist */ = {isa = PBXFileReference; lastKnownFileType = text.plist.xml; path = Info.plist; sourceTree = "<group>"; };
		42F255A62825967400A77106 /* UISwitchAnimatorTests.xctest */ = {isa = PBXFileReference; explicitFileType = wrapper.cfbundle; includeInIndex = 0; path = UISwitchAnimatorTests.xctest; sourceTree = BUILT_PRODUCTS_DIR; };
		42F255AA2825967400A77106 /* UISwitchAnimatorTests.swift */ = {isa = PBXFileReference; lastKnownFileType = sourcecode.swift; path = UISwitchAnimatorTests.swift; sourceTree = "<group>"; };
		42F255B02825967400A77106 /* UISwitchAnimatorUITests.xctest */ = {isa = PBXFileReference; explicitFileType = wrapper.cfbundle; includeInIndex = 0; path = UISwitchAnimatorUITests.xctest; sourceTree = BUILT_PRODUCTS_DIR; };
		42F255B42825967400A77106 /* UISwitchAnimatorUITests.swift */ = {isa = PBXFileReference; lastKnownFileType = sourcecode.swift; path = UISwitchAnimatorUITests.swift; sourceTree = "<group>"; };
		42F255B62825967400A77106 /* UISwitchAnimatorUITestsLaunchTests.swift */ = {isa = PBXFileReference; lastKnownFileType = sourcecode.swift; path = UISwitchAnimatorUITestsLaunchTests.swift; sourceTree = "<group>"; };
		42F255C32826953F00A77106 /* data.json */ = {isa = PBXFileReference; fileEncoding = 4; lastKnownFileType = text.json; path = data.json; sourceTree = "<group>"; };
/* End PBXFileReference section */

/* Begin PBXFrameworksBuildPhase section */
		42F2558D2825967100A77106 /* Frameworks */ = {
			isa = PBXFrameworksBuildPhase;
			buildActionMask = 2147483647;
			files = (
			);
			runOnlyForDeploymentPostprocessing = 0;
		};
		42F255A32825967400A77106 /* Frameworks */ = {
			isa = PBXFrameworksBuildPhase;
			buildActionMask = 2147483647;
			files = (
			);
			runOnlyForDeploymentPostprocessing = 0;
		};
		42F255AD2825967400A77106 /* Frameworks */ = {
			isa = PBXFrameworksBuildPhase;
			buildActionMask = 2147483647;
			files = (
			);
			runOnlyForDeploymentPostprocessing = 0;
		};
/* End PBXFrameworksBuildPhase section */

/* Begin PBXGroup section */
		42F255872825967100A77106 = {
			isa = PBXGroup;
			children = (
				42F255922825967100A77106 /* UISwitchAnimator */,
				42F255A92825967400A77106 /* UISwitchAnimatorTests */,
				42F255B32825967400A77106 /* UISwitchAnimatorUITests */,
				42F255912825967100A77106 /* Products */,
			);
			sourceTree = "<group>";
		};
		42F255912825967100A77106 /* Products */ = {
			isa = PBXGroup;
			children = (
				42F255902825967100A77106 /* UISwitchAnimator.app */,
				42F255A62825967400A77106 /* UISwitchAnimatorTests.xctest */,
				42F255B02825967400A77106 /* UISwitchAnimatorUITests.xctest */,
			);
			name = Products;
			sourceTree = "<group>";
		};
		42F255922825967100A77106 /* UISwitchAnimator */ = {
			isa = PBXGroup;
			children = (
				42F255932825967100A77106 /* AppDelegate.swift */,
				42F255952825967100A77106 /* SceneDelegate.swift */,
				42F255972825967100A77106 /* ViewController.swift */,
				42F255992825967100A77106 /* Main.storyboard */,
				42F255C32826953F00A77106 /* data.json */,
				42F2559C2825967300A77106 /* Assets.xcassets */,
				42F2559E2825967300A77106 /* LaunchScreen.storyboard */,
				42F255A12825967300A77106 /* Info.plist */,
			);
			path = UISwitchAnimator;
			sourceTree = "<group>";
		};
		42F255A92825967400A77106 /* UISwitchAnimatorTests */ = {
			isa = PBXGroup;
			children = (
				42F255AA2825967400A77106 /* UISwitchAnimatorTests.swift */,
			);
			path = UISwitchAnimatorTests;
			sourceTree = "<group>";
		};
		42F255B32825967400A77106 /* UISwitchAnimatorUITests */ = {
			isa = PBXGroup;
			children = (
				42F255B42825967400A77106 /* UISwitchAnimatorUITests.swift */,
				42F255B62825967400A77106 /* UISwitchAnimatorUITestsLaunchTests.swift */,
			);
			path = UISwitchAnimatorUITests;
			sourceTree = "<group>";
		};
/* End PBXGroup section */

/* Begin PBXNativeTarget section */
		42F2558F2825967100A77106 /* UISwitchAnimator */ = {
			isa = PBXNativeTarget;
			buildConfigurationList = 42F255BA2825967400A77106 /* Build configuration list for PBXNativeTarget "UISwitchAnimator" */;
			buildPhases = (
				42F2558C2825967100A77106 /* Sources */,
				42F2558D2825967100A77106 /* Frameworks */,
				42F2558E2825967100A77106 /* Resources */,
			);
			buildRules = (
			);
			dependencies = (
			);
			name = UISwitchAnimator;
			productName = UISwitchAnimator;
			productReference = 42F255902825967100A77106 /* UISwitchAnimator.app */;
			productType = "com.apple.product-type.application";
		};
		42F255A52825967400A77106 /* UISwitchAnimatorTests */ = {
			isa = PBXNativeTarget;
			buildConfigurationList = 42F255BD2825967400A77106 /* Build configuration list for PBXNativeTarget "UISwitchAnimatorTests" */;
			buildPhases = (
				42F255A22825967400A77106 /* Sources */,
				42F255A32825967400A77106 /* Frameworks */,
				42F255A42825967400A77106 /* Resources */,
			);
			buildRules = (
			);
			dependencies = (
				42F255A82825967400A77106 /* PBXTargetDependency */,
			);
			name = UISwitchAnimatorTests;
			productName = UISwitchAnimatorTests;
			productReference = 42F255A62825967400A77106 /* UISwitchAnimatorTests.xctest */;
			productType = "com.apple.product-type.bundle.unit-test";
		};
		42F255AF2825967400A77106 /* UISwitchAnimatorUITests */ = {
			isa = PBXNativeTarget;
			buildConfigurationList = 42F255C02825967400A77106 /* Build configuration list for PBXNativeTarget "UISwitchAnimatorUITests" */;
			buildPhases = (
				42F255AC2825967400A77106 /* Sources */,
				42F255AD2825967400A77106 /* Frameworks */,
				42F255AE2825967400A77106 /* Resources */,
			);
			buildRules = (
			);
			dependencies = (
				42F255B22825967400A77106 /* PBXTargetDependency */,
			);
			name = UISwitchAnimatorUITests;
			productName = UISwitchAnimatorUITests;
			productReference = 42F255B02825967400A77106 /* UISwitchAnimatorUITests.xctest */;
			productType = "com.apple.product-type.bundle.ui-testing";
		};
/* End PBXNativeTarget section */

/* Begin PBXProject section */
		42F255882825967100A77106 /* Project object */ = {
			isa = PBXProject;
			attributes = {
				BuildIndependentTargetsInParallel = 1;
				LastSwiftUpdateCheck = 1330;
				LastUpgradeCheck = 1330;
				TargetAttributes = {
					42F2558F2825967100A77106 = {
						CreatedOnToolsVersion = 13.3.1;
					};
					42F255A52825967400A77106 = {
						CreatedOnToolsVersion = 13.3.1;
						TestTargetID = 42F2558F2825967100A77106;
					};
					42F255AF2825967400A77106 = {
						CreatedOnToolsVersion = 13.3.1;
						TestTargetID = 42F2558F2825967100A77106;
					};
				};
			};
			buildConfigurationList = 42F2558B2825967100A77106 /* Build configuration list for PBXProject "UISwitchAnimator" */;
			compatibilityVersion = "Xcode 13.0";
			developmentRegion = en;
			hasScannedForEncodings = 0;
			knownRegions = (
				en,
				Base,
			);
			mainGroup = 42F255872825967100A77106;
			productRefGroup = 42F255912825967100A77106 /* Products */;
			projectDirPath = "";
			projectRoot = "";
			targets = (
				42F2558F2825967100A77106 /* UISwitchAnimator */,
				42F255A52825967400A77106 /* UISwitchAnimatorTests */,
				42F255AF2825967400A77106 /* UISwitchAnimatorUITests */,
			);
		};
/* End PBXProject section */

/* Begin PBXResourcesBuildPhase section */
		42F2558E2825967100A77106 /* Resources */ = {
			isa = PBXResourcesBuildPhase;
			buildActionMask = 2147483647;
			files = (
				42F255A02825967300A77106 /* LaunchScreen.storyboard in Resources */,
				42F2559D2825967300A77106 /* Assets.xcassets in Resources */,
				42F2559B2825967100A77106 /* Main.storyboard in Resources */,
				42F255C42826953F00A77106 /* data.json in Resources */,
			);
			runOnlyForDeploymentPostprocessing = 0;
		};
		42F255A42825967400A77106 /* Resources */ = {
			isa = PBXResourcesBuildPhase;
			buildActionMask = 2147483647;
			files = (
			);
			runOnlyForDeploymentPostprocessing = 0;
		};
		42F255AE2825967400A77106 /* Resources */ = {
			isa = PBXResourcesBuildPhase;
			buildActionMask = 2147483647;
			files = (
			);
			runOnlyForDeploymentPostprocessing = 0;
		};
/* End PBXResourcesBuildPhase section */

/* Begin PBXSourcesBuildPhase section */
		42F2558C2825967100A77106 /* Sources */ = {
			isa = PBXSourcesBuildPhase;
			buildActionMask = 2147483647;
			files = (
				42F255982825967100A77106 /* ViewController.swift in Sources */,
				42F255942825967100A77106 /* AppDelegate.swift in Sources */,
				42F255962825967100A77106 /* SceneDelegate.swift in Sources */,
			);
			runOnlyForDeploymentPostprocessing = 0;
		};
		42F255A22825967400A77106 /* Sources */ = {
			isa = PBXSourcesBuildPhase;
			buildActionMask = 2147483647;
			files = (
				42F255AB2825967400A77106 /* UISwitchAnimatorTests.swift in Sources */,
			);
			runOnlyForDeploymentPostprocessing = 0;
		};
		42F255AC2825967400A77106 /* Sources */ = {
			isa = PBXSourcesBuildPhase;
			buildActionMask = 2147483647;
			files = (
				42F255B52825967400A77106 /* UISwitchAnimatorUITests.swift in Sources */,
				42F255B72825967400A77106 /* UISwitchAnimatorUITestsLaunchTests.swift in Sources */,
			);
			runOnlyForDeploymentPostprocessing = 0;
		};
/* End PBXSourcesBuildPhase section */

/* Begin PBXTargetDependency section */
		42F255A82825967400A77106 /* PBXTargetDependency */ = {
			isa = PBXTargetDependency;
			target = 42F2558F2825967100A77106 /* UISwitchAnimator */;
			targetProxy = 42F255A72825967400A77106 /* PBXContainerItemProxy */;
		};
		42F255B22825967400A77106 /* PBXTargetDependency */ = {
			isa = PBXTargetDependency;
			target = 42F2558F2825967100A77106 /* UISwitchAnimator */;
			targetProxy = 42F255B12825967400A77106 /* PBXContainerItemProxy */;
		};
/* End PBXTargetDependency section */

/* Begin PBXVariantGroup section */
		42F255992825967100A77106 /* Main.storyboard */ = {
			isa = PBXVariantGroup;
			children = (
				42F2559A2825967100A77106 /* Base */,
			);
			name = Main.storyboard;
			sourceTree = "<group>";
		};
		42F2559E2825967300A77106 /* LaunchScreen.storyboard */ = {
			isa = PBXVariantGroup;
			children = (
				42F2559F2825967300A77106 /* Base */,
			);
			name = LaunchScreen.storyboard;
			sourceTree = "<group>";
		};
/* End PBXVariantGroup section */

/* Begin XCBuildConfiguration section */
		42F255B82825967400A77106 /* Debug */ = {
			isa = XCBuildConfiguration;
			buildSettings = {
				ALWAYS_SEARCH_USER_PATHS = NO;
				CLANG_ANALYZER_NONNULL = YES;
				CLANG_ANALYZER_NUMBER_OBJECT_CONVERSION = YES_AGGRESSIVE;
				CLANG_CXX_LANGUAGE_STANDARD = "gnu++17";
				CLANG_ENABLE_MODULES = YES;
				CLANG_ENABLE_OBJC_ARC = YES;
				CLANG_ENABLE_OBJC_WEAK = YES;
				CLANG_WARN_BLOCK_CAPTURE_AUTORELEASING = YES;
				CLANG_WARN_BOOL_CONVERSION = YES;
				CLANG_WARN_COMMA = YES;
				CLANG_WARN_CONSTANT_CONVERSION = YES;
				CLANG_WARN_DEPRECATED_OBJC_IMPLEMENTATIONS = YES;
				CLANG_WARN_DIRECT_OBJC_ISA_USAGE = YES_ERROR;
				CLANG_WARN_DOCUMENTATION_COMMENTS = YES;
				CLANG_WARN_EMPTY_BODY = YES;
				CLANG_WARN_ENUM_CONVERSION = YES;
				CLANG_WARN_INFINITE_RECURSION = YES;
				CLANG_WARN_INT_CONVERSION = YES;
				CLANG_WARN_NON_LITERAL_NULL_CONVERSION = YES;
				CLANG_WARN_OBJC_IMPLICIT_RETAIN_SELF = YES;
				CLANG_WARN_OBJC_LITERAL_CONVERSION = YES;
				CLANG_WARN_OBJC_ROOT_CLASS = YES_ERROR;
				CLANG_WARN_QUOTED_INCLUDE_IN_FRAMEWORK_HEADER = YES;
				CLANG_WARN_RANGE_LOOP_ANALYSIS = YES;
				CLANG_WARN_STRICT_PROTOTYPES = YES;
				CLANG_WARN_SUSPICIOUS_MOVE = YES;
				CLANG_WARN_UNGUARDED_AVAILABILITY = YES_AGGRESSIVE;
				CLANG_WARN_UNREACHABLE_CODE = YES;
				CLANG_WARN__DUPLICATE_METHOD_MATCH = YES;
				COPY_PHASE_STRIP = NO;
				DEBUG_INFORMATION_FORMAT = dwarf;
				ENABLE_STRICT_OBJC_MSGSEND = YES;
				ENABLE_TESTABILITY = YES;
				GCC_C_LANGUAGE_STANDARD = gnu11;
				GCC_DYNAMIC_NO_PIC = NO;
				GCC_NO_COMMON_BLOCKS = YES;
				GCC_OPTIMIZATION_LEVEL = 0;
				GCC_PREPROCESSOR_DEFINITIONS = (
					"DEBUG=1",
					"$(inherited)",
				);
				GCC_WARN_64_TO_32_BIT_CONVERSION = YES;
				GCC_WARN_ABOUT_RETURN_TYPE = YES_ERROR;
				GCC_WARN_UNDECLARED_SELECTOR = YES;
				GCC_WARN_UNINITIALIZED_AUTOS = YES_AGGRESSIVE;
				GCC_WARN_UNUSED_FUNCTION = YES;
				GCC_WARN_UNUSED_VARIABLE = YES;
				IPHONEOS_DEPLOYMENT_TARGET = 15.4;
				MTL_ENABLE_DEBUG_INFO = INCLUDE_SOURCE;
				MTL_FAST_MATH = YES;
				ONLY_ACTIVE_ARCH = YES;
				SDKROOT = iphoneos;
				SWIFT_ACTIVE_COMPILATION_CONDITIONS = DEBUG;
				SWIFT_OPTIMIZATION_LEVEL = "-Onone";
			};
			name = Debug;
		};
		42F255B92825967400A77106 /* Release */ = {
			isa = XCBuildConfiguration;
			buildSettings = {
				ALWAYS_SEARCH_USER_PATHS = NO;
				CLANG_ANALYZER_NONNULL = YES;
				CLANG_ANALYZER_NUMBER_OBJECT_CONVERSION = YES_AGGRESSIVE;
				CLANG_CXX_LANGUAGE_STANDARD = "gnu++17";
				CLANG_ENABLE_MODULES = YES;
				CLANG_ENABLE_OBJC_ARC = YES;
				CLANG_ENABLE_OBJC_WEAK = YES;
				CLANG_WARN_BLOCK_CAPTURE_AUTORELEASING = YES;
				CLANG_WARN_BOOL_CONVERSION = YES;
				CLANG_WARN_COMMA = YES;
				CLANG_WARN_CONSTANT_CONVERSION = YES;
				CLANG_WARN_DEPRECATED_OBJC_IMPLEMENTATIONS = YES;
				CLANG_WARN_DIRECT_OBJC_ISA_USAGE = YES_ERROR;
				CLANG_WARN_DOCUMENTATION_COMMENTS = YES;
				CLANG_WARN_EMPTY_BODY = YES;
				CLANG_WARN_ENUM_CONVERSION = YES;
				CLANG_WARN_INFINITE_RECURSION = YES;
				CLANG_WARN_INT_CONVERSION = YES;
				CLANG_WARN_NON_LITERAL_NULL_CONVERSION = YES;
				CLANG_WARN_OBJC_IMPLICIT_RETAIN_SELF = YES;
				CLANG_WARN_OBJC_LITERAL_CONVERSION = YES;
				CLANG_WARN_OBJC_ROOT_CLASS = YES_ERROR;
				CLANG_WARN_QUOTED_INCLUDE_IN_FRAMEWORK_HEADER = YES;
				CLANG_WARN_RANGE_LOOP_ANALYSIS = YES;
				CLANG_WARN_STRICT_PROTOTYPES = YES;
				CLANG_WARN_SUSPICIOUS_MOVE = YES;
				CLANG_WARN_UNGUARDED_AVAILABILITY = YES_AGGRESSIVE;
				CLANG_WARN_UNREACHABLE_CODE = YES;
				CLANG_WARN__DUPLICATE_METHOD_MATCH = YES;
				COPY_PHASE_STRIP = NO;
				DEBUG_INFORMATION_FORMAT = "dwarf-with-dsym";
				ENABLE_NS_ASSERTIONS = NO;
				ENABLE_STRICT_OBJC_MSGSEND = YES;
				GCC_C_LANGUAGE_STANDARD = gnu11;
				GCC_NO_COMMON_BLOCKS = YES;
				GCC_WARN_64_TO_32_BIT_CONVERSION = YES;
				GCC_WARN_ABOUT_RETURN_TYPE = YES_ERROR;
				GCC_WARN_UNDECLARED_SELECTOR = YES;
				GCC_WARN_UNINITIALIZED_AUTOS = YES_AGGRESSIVE;
				GCC_WARN_UNUSED_FUNCTION = YES;
				GCC_WARN_UNUSED_VARIABLE = YES;
				IPHONEOS_DEPLOYMENT_TARGET = 15.4;
				MTL_ENABLE_DEBUG_INFO = NO;
				MTL_FAST_MATH = YES;
				SDKROOT = iphoneos;
				SWIFT_COMPILATION_MODE = wholemodule;
				SWIFT_OPTIMIZATION_LEVEL = "-O";
				VALIDATE_PRODUCT = YES;
			};
			name = Release;
		};
		42F255BB2825967400A77106 /* Debug */ = {
			isa = XCBuildConfiguration;
			buildSettings = {
				ASSETCATALOG_COMPILER_APPICON_NAME = AppIcon;
				ASSETCATALOG_COMPILER_GLOBAL_ACCENT_COLOR_NAME = AccentColor;
				CODE_SIGN_STYLE = Automatic;
				CURRENT_PROJECT_VERSION = 1;
				DEVELOPMENT_TEAM = WLCQDVKTS9;
				GENERATE_INFOPLIST_FILE = YES;
				INFOPLIST_FILE = UISwitchAnimator/Info.plist;
				INFOPLIST_KEY_UIApplicationSupportsIndirectInputEvents = YES;
				INFOPLIST_KEY_UILaunchStoryboardName = LaunchScreen;
				INFOPLIST_KEY_UIMainStoryboardFile = Main;
				INFOPLIST_KEY_UISupportedInterfaceOrientations_iPad = "UIInterfaceOrientationPortrait UIInterfaceOrientationPortraitUpsideDown UIInterfaceOrientationLandscapeLeft UIInterfaceOrientationLandscapeRight";
				INFOPLIST_KEY_UISupportedInterfaceOrientations_iPhone = "UIInterfaceOrientationPortrait UIInterfaceOrientationLandscapeLeft UIInterfaceOrientationLandscapeRight";
				LD_RUNPATH_SEARCH_PATHS = (
					"$(inherited)",
					"@executable_path/Frameworks",
				);
				MARKETING_VERSION = 1.0;
				PRODUCT_BUNDLE_IDENTIFIER = "com.p-x9.UISwitchAnimator";
				PRODUCT_NAME = "$(TARGET_NAME)";
				SWIFT_EMIT_LOC_STRINGS = YES;
				SWIFT_VERSION = 5.0;
				TARGETED_DEVICE_FAMILY = "1,2";
			};
			name = Debug;
		};
		42F255BC2825967400A77106 /* Release */ = {
			isa = XCBuildConfiguration;
			buildSettings = {
				ASSETCATALOG_COMPILER_APPICON_NAME = AppIcon;
				ASSETCATALOG_COMPILER_GLOBAL_ACCENT_COLOR_NAME = AccentColor;
				CODE_SIGN_STYLE = Automatic;
				CURRENT_PROJECT_VERSION = 1;
				DEVELOPMENT_TEAM = WLCQDVKTS9;
				GENERATE_INFOPLIST_FILE = YES;
				INFOPLIST_FILE = UISwitchAnimator/Info.plist;
				INFOPLIST_KEY_UIApplicationSupportsIndirectInputEvents = YES;
				INFOPLIST_KEY_UILaunchStoryboardName = LaunchScreen;
				INFOPLIST_KEY_UIMainStoryboardFile = Main;
				INFOPLIST_KEY_UISupportedInterfaceOrientations_iPad = "UIInterfaceOrientationPortrait UIInterfaceOrientationPortraitUpsideDown UIInterfaceOrientationLandscapeLeft UIInterfaceOrientationLandscapeRight";
				INFOPLIST_KEY_UISupportedInterfaceOrientations_iPhone = "UIInterfaceOrientationPortrait UIInterfaceOrientationLandscapeLeft UIInterfaceOrientationLandscapeRight";
				LD_RUNPATH_SEARCH_PATHS = (
					"$(inherited)",
					"@executable_path/Frameworks",
				);
				MARKETING_VERSION = 1.0;
				PRODUCT_BUNDLE_IDENTIFIER = "com.p-x9.UISwitchAnimator";
				PRODUCT_NAME = "$(TARGET_NAME)";
				SWIFT_EMIT_LOC_STRINGS = YES;
				SWIFT_VERSION = 5.0;
				TARGETED_DEVICE_FAMILY = "1,2";
			};
			name = Release;
		};
		42F255BE2825967400A77106 /* Debug */ = {
			isa = XCBuildConfiguration;
			buildSettings = {
				ALWAYS_EMBED_SWIFT_STANDARD_LIBRARIES = YES;
				BUNDLE_LOADER = "$(TEST_HOST)";
				CODE_SIGN_STYLE = Automatic;
				CURRENT_PROJECT_VERSION = 1;
				DEVELOPMENT_TEAM = WLCQDVKTS9;
				GENERATE_INFOPLIST_FILE = YES;
				IPHONEOS_DEPLOYMENT_TARGET = 15.4;
				MARKETING_VERSION = 1.0;
				PRODUCT_BUNDLE_IDENTIFIER = "com.p-x9.UISwitchAnimatorTests";
				PRODUCT_NAME = "$(TARGET_NAME)";
				SWIFT_EMIT_LOC_STRINGS = NO;
				SWIFT_VERSION = 5.0;
				TARGETED_DEVICE_FAMILY = "1,2";
				TEST_HOST = "$(BUILT_PRODUCTS_DIR)/UISwitchAnimator.app/UISwitchAnimator";
			};
			name = Debug;
		};
		42F255BF2825967400A77106 /* Release */ = {
			isa = XCBuildConfiguration;
			buildSettings = {
				ALWAYS_EMBED_SWIFT_STANDARD_LIBRARIES = YES;
				BUNDLE_LOADER = "$(TEST_HOST)";
				CODE_SIGN_STYLE = Automatic;
				CURRENT_PROJECT_VERSION = 1;
				DEVELOPMENT_TEAM = WLCQDVKTS9;
				GENERATE_INFOPLIST_FILE = YES;
				IPHONEOS_DEPLOYMENT_TARGET = 15.4;
				MARKETING_VERSION = 1.0;
				PRODUCT_BUNDLE_IDENTIFIER = "com.p-x9.UISwitchAnimatorTests";
				PRODUCT_NAME = "$(TARGET_NAME)";
				SWIFT_EMIT_LOC_STRINGS = NO;
				SWIFT_VERSION = 5.0;
				TARGETED_DEVICE_FAMILY = "1,2";
				TEST_HOST = "$(BUILT_PRODUCTS_DIR)/UISwitchAnimator.app/UISwitchAnimator";
			};
			name = Release;
		};
		42F255C12825967400A77106 /* Debug */ = {
			isa = XCBuildConfiguration;
			buildSettings = {
				ALWAYS_EMBED_SWIFT_STANDARD_LIBRARIES = YES;
				CODE_SIGN_STYLE = Automatic;
				CURRENT_PROJECT_VERSION = 1;
				DEVELOPMENT_TEAM = WLCQDVKTS9;
				GENERATE_INFOPLIST_FILE = YES;
				MARKETING_VERSION = 1.0;
				PRODUCT_BUNDLE_IDENTIFIER = "com.p-x9.UISwitchAnimatorUITests";
				PRODUCT_NAME = "$(TARGET_NAME)";
				SWIFT_EMIT_LOC_STRINGS = NO;
				SWIFT_VERSION = 5.0;
				TARGETED_DEVICE_FAMILY = "1,2";
				TEST_TARGET_NAME = UISwitchAnimator;
			};
			name = Debug;
		};
		42F255C22825967400A77106 /* Release */ = {
			isa = XCBuildConfiguration;
			buildSettings = {
				ALWAYS_EMBED_SWIFT_STANDARD_LIBRARIES = YES;
				CODE_SIGN_STYLE = Automatic;
				CURRENT_PROJECT_VERSION = 1;
				DEVELOPMENT_TEAM = WLCQDVKTS9;
				GENERATE_INFOPLIST_FILE = YES;
				MARKETING_VERSION = 1.0;
				PRODUCT_BUNDLE_IDENTIFIER = "com.p-x9.UISwitchAnimatorUITests";
				PRODUCT_NAME = "$(TARGET_NAME)";
				SWIFT_EMIT_LOC_STRINGS = NO;
				SWIFT_VERSION = 5.0;
				TARGETED_DEVICE_FAMILY = "1,2";
				TEST_TARGET_NAME = UISwitchAnimator;
			};
			name = Release;
		};
/* End XCBuildConfiguration section */

/* Begin XCConfigurationList section */
		42F2558B2825967100A77106 /* Build configuration list for PBXProject "UISwitchAnimator" */ = {
			isa = XCConfigurationList;
			buildConfigurations = (
				42F255B82825967400A77106 /* Debug */,
				42F255B92825967400A77106 /* Release */,
			);
			defaultConfigurationIsVisible = 0;
			defaultConfigurationName = Release;
		};
		42F255BA2825967400A77106 /* Build configuration list for PBXNativeTarget "UISwitchAnimator" */ = {
			isa = XCConfigurationList;
			buildConfigurations = (
				42F255BB2825967400A77106 /* Debug */,
				42F255BC2825967400A77106 /* Release */,
			);
			defaultConfigurationIsVisible = 0;
			defaultConfigurationName = Release;
		};
		42F255BD2825967400A77106 /* Build configuration list for PBXNativeTarget "UISwitchAnimatorTests" */ = {
			isa = XCConfigurationList;
			buildConfigurations = (
				42F255BE2825967400A77106 /* Debug */,
				42F255BF2825967400A77106 /* Release */,
			);
			defaultConfigurationIsVisible = 0;
			defaultConfigurationName = Release;
		};
		42F255C02825967400A77106 /* Build configuration list for PBXNativeTarget "UISwitchAnimatorUITests" */ = {
			isa = XCConfigurationList;
			buildConfigurations = (
				42F255C12825967400A77106 /* Debug */,
				42F255C22825967400A77106 /* Release */,
			);
			defaultConfigurationIsVisible = 0;
			defaultConfigurationName = Release;
		};
/* End XCConfigurationList section */
	};
	rootObject = 42F255882825967100A77106 /* Project object */;
}
